schema: '2.0'
stages:
  eda:
    cmd: python tools/run_module.py scripts.eda_summary -- --config 
      config/config.yaml
    deps:
    - path: config/config.yaml
      hash: md5
      md5: c73ba299c63ba1f12cacc83b86886d39
      size: 1145
    - path: data/raw/test.csv
      hash: md5
      md5: a0842b8b18c78c5923d8e549b236b579
      size: 21436306
    - path: data/raw/train.csv
      hash: md5
      md5: 3dbbda6097f07f31e644703b55e4e59f
      size: 65698328
    - path: scripts/eda_summary.py
      hash: md5
      md5: 027ad71486176a5d445c7b1389d1a968
      size: 1101
    - path: src/
      hash: md5
      md5: d2c334aa1a4be5894607539f6b08ed18.dir
      size: 7261
      nfiles: 7
    - path: tools/run_module.py
      hash: md5
      md5: 34870888fd67c72ccacbcbd5777cfef2
      size: 1509
  train:
    cmd: python tools/run_module.py scripts.train -- --config config/config.yaml
    deps:
    - path: config/config.yaml
      hash: md5
      md5: c73ba299c63ba1f12cacc83b86886d39
      size: 1145
    - path: data/raw/train.csv
      hash: md5
      md5: 3dbbda6097f07f31e644703b55e4e59f
      size: 65698328
    - path: scripts/train.py
      hash: md5
      md5: 8aabb6f6fb2d99591528d2c344243a24
      size: 6128
    - path: src/
      hash: md5
      md5: d2c334aa1a4be5894607539f6b08ed18.dir
      size: 7261
      nfiles: 7
    - path: tools/run_module.py
      hash: md5
      md5: 34870888fd67c72ccacbcbd5777cfef2
      size: 1509
    outs:
    - path: artifacts
      hash: md5
      md5: f005c61ce017c9da8e931f1a5a3a1775.dir
      size: 4106857970
      nfiles: 17
  infer:
    cmd: python tools/run_module.py scripts.infer -- --config config/config.yaml
    deps:
    - path: artifacts
      hash: md5
      md5: 34b7d38f34e7f92d2a68beaf75436a18.dir
      size: 4133250013
      nfiles: 21
    - path: config/config.yaml
      hash: md5
      md5: c73ba299c63ba1f12cacc83b86886d39
      size: 1145
    - path: data/raw/test.csv
      hash: md5
      md5: a0842b8b18c78c5923d8e549b236b579
      size: 21436306
    - path: scripts/infer.py
      hash: md5
      md5: 870eb56ec9a90f47fd5e71c464e8865f
      size: 1693
    - path: src/
      hash: md5
      md5: d2c334aa1a4be5894607539f6b08ed18.dir
      size: 7261
      nfiles: 7
    - path: tools/run_module.py
      hash: md5
      md5: 34870888fd67c72ccacbcbd5777cfef2
      size: 1509
